
Microsoft Visual Studio Solution File, Format Version 12.00
Project("{FAE04EC0-301F-11D3-BF4B-00C04F79EFBC}") = "BBplus", "BBplus\BBplus.csproj", "{DD8216D2-783C-4D71-94CF-24BBA044A00D}"
EndProject
Global
	GlobalSection(SolutionConfigurationPlatforms) = preSolution
		Debug|Any CPU = Debug|Any CPU
		Release|Any CPU = Release|Any CPU
	EndGlobalSection
	GlobalSection(ProjectConfigurationPlatforms) = postSolution
		{DD8216D2-783C-4D71-94CF-24BBA044A00D}.Debug|Any CPU.ActiveCfg = Debug|Any CPU
		{DD8216D2-783C-4D71-94CF-24BBA044A00D}.Debug|Any CPU.Build.0 = Debug|Any CPU
		{DD8216D2-783C-4D71-94CF-24BBA044A00D}.Release|Any CPU.ActiveCfg = Release|Any CPU
		{DD8216D2-783C-4D71-94CF-24BBA044A00D}.Release|Any CPU.Build.0 = Release|Any CPU
	EndGlobalSection
EndGlobal
